
Microsoft Visual Studio Solution File, Format Version 12.00
# Visual Studio 14
VisualStudioVersion = 14.0.24720.0
MinimumVisualStudioVersion = 10.0.40219.1
Project("{FAE04EC0-301F-11D3-BF4B-00C04F79EFBC}") = "COMP229-F2016-Midterm-3007711771", "COMP229-F2016-Midterm-3007711771\COMP229-F2016-Midterm-3007711771.csproj", "{D490BA7D-3E73-42AE-8B43-FD5C1F496E2F}"
EndProject
Global
	GlobalSection(SolutionConfigurationPlatforms) = preSolution
		Debug|Any CPU = Debug|Any CPU
		Release|Any CPU = Release|Any CPU
	EndGlobalSection
	GlobalSection(ProjectConfigurationPlatforms) = postSolution
		{D490BA7D-3E73-42AE-8B43-FD5C1F496E2F}.Debug|Any CPU.ActiveCfg = Debug|Any CPU
		{D490BA7D-3E73-42AE-8B43-FD5C1F496E2F}.Debug|Any CPU.Build.0 = Debug|Any CPU
		{D490BA7D-3E73-42AE-8B43-FD5C1F496E2F}.Release|Any CPU.ActiveCfg = Release|Any CPU
		{D490BA7D-3E73-42AE-8B43-FD5C1F496E2F}.Release|Any CPU.Build.0 = Release|Any CPU
	EndGlobalSection
	GlobalSection(SolutionProperties) = preSolution
		HideSolutionNode = FALSE
	EndGlobalSection
EndGlobal
